// !$*UTF8*$!
{
	archiveVersion = 1;
	classes = {
	};
	objectVersion = 56;
	objects = {

/* Begin PBXBuildFile section */
		786FD4AF294333AA002527B6 /* iOS_selection_testApp.swift in Sources */ = {isa = PBXBuildFile; fileRef = 786FD4AE294333AA002527B6 /* iOS_selection_testApp.swift */; };
		786FD4B1294333AA002527B6 /* AccountsView.swift in Sources */ = {isa = PBXBuildFile; fileRef = 786FD4B0294333AA002527B6 /* AccountsView.swift */; };
		786FD4B3294333AB002527B6 /* Assets.xcassets in Resources */ = {isa = PBXBuildFile; fileRef = 786FD4B2294333AB002527B6 /* Assets.xcassets */; };
		786FD4B6294333AB002527B6 /* Preview Assets.xcassets in Resources */ = {isa = PBXBuildFile; fileRef = 786FD4B5294333AB002527B6 /* Preview Assets.xcassets */; };
		786FD4C0294333AB002527B6 /* iOS_selection_testTests.swift in Sources */ = {isa = PBXBuildFile; fileRef = 786FD4BF294333AB002527B6 /* iOS_selection_testTests.swift */; };
		786FD4CA294333AB002527B6 /* iOS_selection_testUITests.swift in Sources */ = {isa = PBXBuildFile; fileRef = 786FD4C9294333AB002527B6 /* iOS_selection_testUITests.swift */; };
		786FD4CC294333AB002527B6 /* iOS_selection_testUITestsLaunchTests.swift in Sources */ = {isa = PBXBuildFile; fileRef = 786FD4CB294333AB002527B6 /* iOS_selection_testUITestsLaunchTests.swift */; };
		786FD4E829433ADD002527B6 /* Config.swift in Sources */ = {isa = PBXBuildFile; fileRef = 786FD4E729433ADD002527B6 /* Config.swift */; };
		786FD4E929433F84002527B6 /* WebService.swift in Sources */ = {isa = PBXBuildFile; fileRef = 786FD4DE29433959002527B6 /* WebService.swift */; };
		786FD4EA29433F8A002527B6 /* Router.swift in Sources */ = {isa = PBXBuildFile; fileRef = 786FD4DC29433959002527B6 /* Router.swift */; };
		786FD4EB29433F8C002527B6 /* API.swift in Sources */ = {isa = PBXBuildFile; fileRef = 786FD4DD29433959002527B6 /* API.swift */; };
		786FD4EC29433F8F002527B6 /* NetworkErrors.swift in Sources */ = {isa = PBXBuildFile; fileRef = 786FD4E029433983002527B6 /* NetworkErrors.swift */; };
		786FD4ED29433F8F002527B6 /* DataResponse.swift in Sources */ = {isa = PBXBuildFile; fileRef = 786FD4E329433983002527B6 /* DataResponse.swift */; };
		786FD4EE29433F8F002527B6 /* HTTPMethods.swift in Sources */ = {isa = PBXBuildFile; fileRef = 786FD4E429433983002527B6 /* HTTPMethods.swift */; };
		786FD4F029433FDE002527B6 /* AccessResponse.swift in Sources */ = {isa = PBXBuildFile; fileRef = 786FD4EF29433FDE002527B6 /* AccessResponse.swift */; };
		786FD4F229434045002527B6 /* ConfigResponse.swift in Sources */ = {isa = PBXBuildFile; fileRef = 786FD4F129434045002527B6 /* ConfigResponse.swift */; };
		786FD4F429434124002527B6 /* AccountResponse.swift in Sources */ = {isa = PBXBuildFile; fileRef = 786FD4F329434124002527B6 /* AccountResponse.swift */; };
		786FD4F629434200002527B6 /* AccountsResponse.swift in Sources */ = {isa = PBXBuildFile; fileRef = 786FD4F529434200002527B6 /* AccountsResponse.swift */; };
		786FD4F92943424A002527B6 /* RemoteDataSource.swift in Sources */ = {isa = PBXBuildFile; fileRef = 786FD4F82943424A002527B6 /* RemoteDataSource.swift */; };
		786FD4FB29434353002527B6 /* RemoteDataSourceImpl.swift in Sources */ = {isa = PBXBuildFile; fileRef = 786FD4FA29434353002527B6 /* RemoteDataSourceImpl.swift */; };
		786FD50029434448002527B6 /* Interactor.swift in Sources */ = {isa = PBXBuildFile; fileRef = 786FD4FF29434448002527B6 /* Interactor.swift */; };
		786FD50229434463002527B6 /* Account.swift in Sources */ = {isa = PBXBuildFile; fileRef = 786FD50129434463002527B6 /* Account.swift */; };
		786FD504294344DE002527B6 /* PaymentType.swift in Sources */ = {isa = PBXBuildFile; fileRef = 786FD503294344DE002527B6 /* PaymentType.swift */; };
		786FD5062943454C002527B6 /* Access.swift in Sources */ = {isa = PBXBuildFile; fileRef = 786FD5052943454C002527B6 /* Access.swift */; };
		786FD508294345CC002527B6 /* InteractorImpl.swift in Sources */ = {isa = PBXBuildFile; fileRef = 786FD507294345CC002527B6 /* InteractorImpl.swift */; };
		786FD50A29434F06002527B6 /* AccountsViewVM.swift in Sources */ = {isa = PBXBuildFile; fileRef = 786FD50929434F06002527B6 /* AccountsViewVM.swift */; };
		786FD50D2943AEA4002527B6 /* AccountResponse+PaymentTypes.swift in Sources */ = {isa = PBXBuildFile; fileRef = 786FD50C2943AEA4002527B6 /* AccountResponse+PaymentTypes.swift */; };
		786FD5112943B158002527B6 /* Status.swift in Sources */ = {isa = PBXBuildFile; fileRef = 786FD5102943B158002527B6 /* Status.swift */; };
		786FD5142944B4D2002527B6 /* PaymentButtonView.swift in Sources */ = {isa = PBXBuildFile; fileRef = 786FD5132944B4D2002527B6 /* PaymentButtonView.swift */; };
		786FD5162944B65A002527B6 /* Color+Hex.swift in Sources */ = {isa = PBXBuildFile; fileRef = 786FD5152944B65A002527B6 /* Color+Hex.swift */; };
		786FD51B2944BE8E002527B6 /* AmountView.swift in Sources */ = {isa = PBXBuildFile; fileRef = 786FD51A2944BE8E002527B6 /* AmountView.swift */; };
		786FD51D2944C35D002527B6 /* RetryView.swift in Sources */ = {isa = PBXBuildFile; fileRef = 786FD51C2944C35D002527B6 /* RetryView.swift */; };
		786FD51F2944C67A002527B6 /* LoadingView.swift in Sources */ = {isa = PBXBuildFile; fileRef = 786FD51E2944C67A002527B6 /* LoadingView.swift */; };
/* End PBXBuildFile section */

/* Begin PBXContainerItemProxy section */
		786FD4BC294333AB002527B6 /* PBXContainerItemProxy */ = {
			isa = PBXContainerItemProxy;
			containerPortal = 786FD4A3294333AA002527B6 /* Project object */;
			proxyType = 1;
			remoteGlobalIDString = 786FD4AA294333AA002527B6;
			remoteInfo = "iOS-selection-test";
		};
		786FD4C6294333AB002527B6 /* PBXContainerItemProxy */ = {
			isa = PBXContainerItemProxy;
			containerPortal = 786FD4A3294333AA002527B6 /* Project object */;
			proxyType = 1;
			remoteGlobalIDString = 786FD4AA294333AA002527B6;
			remoteInfo = "iOS-selection-test";
		};
/* End PBXContainerItemProxy section */

/* Begin PBXFileReference section */
		786FD4AB294333AA002527B6 /* iOS-selection-test.app */ = {isa = PBXFileReference; explicitFileType = wrapper.application; includeInIndex = 0; path = "iOS-selection-test.app"; sourceTree = BUILT_PRODUCTS_DIR; };
		786FD4AE294333AA002527B6 /* iOS_selection_testApp.swift */ = {isa = PBXFileReference; lastKnownFileType = sourcecode.swift; path = iOS_selection_testApp.swift; sourceTree = "<group>"; };
		786FD4B0294333AA002527B6 /* AccountsView.swift */ = {isa = PBXFileReference; lastKnownFileType = sourcecode.swift; path = AccountsView.swift; sourceTree = "<group>"; };
		786FD4B2294333AB002527B6 /* Assets.xcassets */ = {isa = PBXFileReference; lastKnownFileType = folder.assetcatalog; path = Assets.xcassets; sourceTree = "<group>"; };
		786FD4B5294333AB002527B6 /* Preview Assets.xcassets */ = {isa = PBXFileReference; lastKnownFileType = folder.assetcatalog; path = "Preview Assets.xcassets"; sourceTree = "<group>"; };
		786FD4BB294333AB002527B6 /* iOS-selection-testTests.xctest */ = {isa = PBXFileReference; explicitFileType = wrapper.cfbundle; includeInIndex = 0; path = "iOS-selection-testTests.xctest"; sourceTree = BUILT_PRODUCTS_DIR; };
		786FD4BF294333AB002527B6 /* iOS_selection_testTests.swift */ = {isa = PBXFileReference; lastKnownFileType = sourcecode.swift; path = iOS_selection_testTests.swift; sourceTree = "<group>"; };
		786FD4C5294333AB002527B6 /* iOS-selection-testUITests.xctest */ = {isa = PBXFileReference; explicitFileType = wrapper.cfbundle; includeInIndex = 0; path = "iOS-selection-testUITests.xctest"; sourceTree = BUILT_PRODUCTS_DIR; };
		786FD4C9294333AB002527B6 /* iOS_selection_testUITests.swift */ = {isa = PBXFileReference; lastKnownFileType = sourcecode.swift; path = iOS_selection_testUITests.swift; sourceTree = "<group>"; };
		786FD4CB294333AB002527B6 /* iOS_selection_testUITestsLaunchTests.swift */ = {isa = PBXFileReference; lastKnownFileType = sourcecode.swift; path = iOS_selection_testUITestsLaunchTests.swift; sourceTree = "<group>"; };
		786FD4DC29433959002527B6 /* Router.swift */ = {isa = PBXFileReference; lastKnownFileType = sourcecode.swift; path = Router.swift; sourceTree = "<group>"; };
		786FD4DD29433959002527B6 /* API.swift */ = {isa = PBXFileReference; lastKnownFileType = sourcecode.swift; path = API.swift; sourceTree = "<group>"; };
		786FD4DE29433959002527B6 /* WebService.swift */ = {isa = PBXFileReference; lastKnownFileType = sourcecode.swift; path = WebService.swift; sourceTree = "<group>"; };
		786FD4E029433983002527B6 /* NetworkErrors.swift */ = {isa = PBXFileReference; lastKnownFileType = sourcecode.swift; path = NetworkErrors.swift; sourceTree = "<group>"; };
		786FD4E329433983002527B6 /* DataResponse.swift */ = {isa = PBXFileReference; lastKnownFileType = sourcecode.swift; path = DataResponse.swift; sourceTree = "<group>"; };
		786FD4E429433983002527B6 /* HTTPMethods.swift */ = {isa = PBXFileReference; lastKnownFileType = sourcecode.swift; path = HTTPMethods.swift; sourceTree = "<group>"; };
		786FD4E729433ADD002527B6 /* Config.swift */ = {isa = PBXFileReference; lastKnownFileType = sourcecode.swift; path = Config.swift; sourceTree = "<group>"; };
		786FD4EF29433FDE002527B6 /* AccessResponse.swift */ = {isa = PBXFileReference; lastKnownFileType = sourcecode.swift; path = AccessResponse.swift; sourceTree = "<group>"; };
		786FD4F129434045002527B6 /* ConfigResponse.swift */ = {isa = PBXFileReference; lastKnownFileType = sourcecode.swift; path = ConfigResponse.swift; sourceTree = "<group>"; };
		786FD4F329434124002527B6 /* AccountResponse.swift */ = {isa = PBXFileReference; lastKnownFileType = sourcecode.swift; path = AccountResponse.swift; sourceTree = "<group>"; };
		786FD4F529434200002527B6 /* AccountsResponse.swift */ = {isa = PBXFileReference; lastKnownFileType = sourcecode.swift; path = AccountsResponse.swift; sourceTree = "<group>"; };
		786FD4F82943424A002527B6 /* RemoteDataSource.swift */ = {isa = PBXFileReference; lastKnownFileType = sourcecode.swift; path = RemoteDataSource.swift; sourceTree = "<group>"; };
		786FD4FA29434353002527B6 /* RemoteDataSourceImpl.swift */ = {isa = PBXFileReference; lastKnownFileType = sourcecode.swift; path = RemoteDataSourceImpl.swift; sourceTree = "<group>"; };
		786FD4FF29434448002527B6 /* Interactor.swift */ = {isa = PBXFileReference; lastKnownFileType = sourcecode.swift; path = Interactor.swift; sourceTree = "<group>"; };
		786FD50129434463002527B6 /* Account.swift */ = {isa = PBXFileReference; lastKnownFileType = sourcecode.swift; path = Account.swift; sourceTree = "<group>"; };
		786FD503294344DE002527B6 /* PaymentType.swift */ = {isa = PBXFileReference; lastKnownFileType = sourcecode.swift; path = PaymentType.swift; sourceTree = "<group>"; };
		786FD5052943454C002527B6 /* Access.swift */ = {isa = PBXFileReference; lastKnownFileType = sourcecode.swift; path = Access.swift; sourceTree = "<group>"; };
		786FD507294345CC002527B6 /* InteractorImpl.swift */ = {isa = PBXFileReference; lastKnownFileType = sourcecode.swift; path = InteractorImpl.swift; sourceTree = "<group>"; };
		786FD50929434F06002527B6 /* AccountsViewVM.swift */ = {isa = PBXFileReference; lastKnownFileType = sourcecode.swift; path = AccountsViewVM.swift; sourceTree = "<group>"; };
		786FD50C2943AEA4002527B6 /* AccountResponse+PaymentTypes.swift */ = {isa = PBXFileReference; lastKnownFileType = sourcecode.swift; path = "AccountResponse+PaymentTypes.swift"; sourceTree = "<group>"; };
		786FD5102943B158002527B6 /* Status.swift */ = {isa = PBXFileReference; lastKnownFileType = sourcecode.swift; path = Status.swift; sourceTree = "<group>"; };
		786FD5132944B4D2002527B6 /* PaymentButtonView.swift */ = {isa = PBXFileReference; lastKnownFileType = sourcecode.swift; path = PaymentButtonView.swift; sourceTree = "<group>"; };
		786FD5152944B65A002527B6 /* Color+Hex.swift */ = {isa = PBXFileReference; lastKnownFileType = sourcecode.swift; path = "Color+Hex.swift"; sourceTree = "<group>"; };
		786FD51A2944BE8E002527B6 /* AmountView.swift */ = {isa = PBXFileReference; lastKnownFileType = sourcecode.swift; path = AmountView.swift; sourceTree = "<group>"; };
		786FD51C2944C35D002527B6 /* RetryView.swift */ = {isa = PBXFileReference; lastKnownFileType = sourcecode.swift; path = RetryView.swift; sourceTree = "<group>"; };
		786FD51E2944C67A002527B6 /* LoadingView.swift */ = {isa = PBXFileReference; lastKnownFileType = sourcecode.swift; path = LoadingView.swift; sourceTree = "<group>"; };
/* End PBXFileReference section */

/* Begin PBXFrameworksBuildPhase section */
		786FD4A8294333AA002527B6 /* Frameworks */ = {
			isa = PBXFrameworksBuildPhase;
			buildActionMask = 2147483647;
			files = (
			);
			runOnlyForDeploymentPostprocessing = 0;
		};
		786FD4B8294333AB002527B6 /* Frameworks */ = {
			isa = PBXFrameworksBuildPhase;
			buildActionMask = 2147483647;
			files = (
			);
			runOnlyForDeploymentPostprocessing = 0;
		};
		786FD4C2294333AB002527B6 /* Frameworks */ = {
			isa = PBXFrameworksBuildPhase;
			buildActionMask = 2147483647;
			files = (
			);
			runOnlyForDeploymentPostprocessing = 0;
		};
/* End PBXFrameworksBuildPhase section */

/* Begin PBXGroup section */
		786FD4A2294333AA002527B6 = {
			isa = PBXGroup;
			children = (
				786FD4AD294333AA002527B6 /* iOS-selection-test */,
				786FD4BE294333AB002527B6 /* iOS-selection-testTests */,
				786FD4C8294333AB002527B6 /* iOS-selection-testUITests */,
				786FD4AC294333AA002527B6 /* Products */,
			);
			sourceTree = "<group>";
		};
		786FD4AC294333AA002527B6 /* Products */ = {
			isa = PBXGroup;
			children = (
				786FD4AB294333AA002527B6 /* iOS-selection-test.app */,
				786FD4BB294333AB002527B6 /* iOS-selection-testTests.xctest */,
				786FD4C5294333AB002527B6 /* iOS-selection-testUITests.xctest */,
			);
			name = Products;
			sourceTree = "<group>";
		};
		786FD4AD294333AA002527B6 /* iOS-selection-test */ = {
			isa = PBXGroup;
			children = (
				786FD4AE294333AA002527B6 /* iOS_selection_testApp.swift */,
				786FD4D829433729002527B6 /* Data */,
				786FD4FC294343F5002527B6 /* Domain */,
				786FD4DA2943374E002527B6 /* UI */,
				786FD4DB2943376B002527B6 /* Resources */,
				786FD4B4294333AB002527B6 /* Preview Content */,
			);
			path = "iOS-selection-test";
			sourceTree = "<group>";
		};
		786FD4B4294333AB002527B6 /* Preview Content */ = {
			isa = PBXGroup;
			children = (
				786FD4B5294333AB002527B6 /* Preview Assets.xcassets */,
			);
			path = "Preview Content";
			sourceTree = "<group>";
		};
		786FD4BE294333AB002527B6 /* iOS-selection-testTests */ = {
			isa = PBXGroup;
			children = (
				786FD4BF294333AB002527B6 /* iOS_selection_testTests.swift */,
			);
			path = "iOS-selection-testTests";
			sourceTree = "<group>";
		};
		786FD4C8294333AB002527B6 /* iOS-selection-testUITests */ = {
			isa = PBXGroup;
			children = (
				786FD4C9294333AB002527B6 /* iOS_selection_testUITests.swift */,
				786FD4CB294333AB002527B6 /* iOS_selection_testUITestsLaunchTests.swift */,
			);
			path = "iOS-selection-testUITests";
			sourceTree = "<group>";
		};
		786FD4D829433729002527B6 /* Data */ = {
			isa = PBXGroup;
			children = (
				786FD4F72943423D002527B6 /* DataSource */,
				786FD4E629433A97002527B6 /* Models */,
				786FD4D929433734002527B6 /* API */,
			);
			path = Data;
			sourceTree = "<group>";
		};
		786FD4D929433734002527B6 /* API */ = {
			isa = PBXGroup;
			children = (
				786FD4DF29433983002527B6 /* Utility */,
				786FD4DD29433959002527B6 /* API.swift */,
				786FD4DC29433959002527B6 /* Router.swift */,
				786FD4DE29433959002527B6 /* WebService.swift */,
			);
			path = API;
			sourceTree = "<group>";
		};
		786FD4DA2943374E002527B6 /* UI */ = {
			isa = PBXGroup;
			children = (
				786FD5172944B66D002527B6 /* Extensions */,
				786FD5122944B493002527B6 /* Components */,
				786FD50F2943B12D002527B6 /* Models */,
				786FD50E2943B11F002527B6 /* AccountsView */,
			);
			name = UI;
			sourceTree = "<group>";
		};
		786FD4DB2943376B002527B6 /* Resources */ = {
			isa = PBXGroup;
			children = (
				786FD4B2294333AB002527B6 /* Assets.xcassets */,
				786FD4E729433ADD002527B6 /* Config.swift */,
			);
			path = Resources;
			sourceTree = "<group>";
		};
		786FD4DF29433983002527B6 /* Utility */ = {
			isa = PBXGroup;
			children = (
				786FD4E029433983002527B6 /* NetworkErrors.swift */,
				786FD4E329433983002527B6 /* DataResponse.swift */,
				786FD4E429433983002527B6 /* HTTPMethods.swift */,
			);
			path = Utility;
			sourceTree = "<group>";
		};
		786FD4E629433A97002527B6 /* Models */ = {
			isa = PBXGroup;
			children = (
				786FD4EF29433FDE002527B6 /* AccessResponse.swift */,
				786FD4F129434045002527B6 /* ConfigResponse.swift */,
				786FD4F529434200002527B6 /* AccountsResponse.swift */,
				786FD4F329434124002527B6 /* AccountResponse.swift */,
			);
			path = Models;
			sourceTree = "<group>";
		};
		786FD4F72943423D002527B6 /* DataSource */ = {
			isa = PBXGroup;
			children = (
				786FD4F82943424A002527B6 /* RemoteDataSource.swift */,
				786FD4FA29434353002527B6 /* RemoteDataSourceImpl.swift */,
			);
			path = DataSource;
			sourceTree = "<group>";
		};
		786FD4FC294343F5002527B6 /* Domain */ = {
			isa = PBXGroup;
			children = (
				786FD50B2943AE8F002527B6 /* Extensions */,
				786FD4FE2943442E002527B6 /* Interactor */,
				786FD4FD29434402002527B6 /* Models */,
			);
			path = Domain;
			sourceTree = "<group>";
		};
		786FD4FD29434402002527B6 /* Models */ = {
			isa = PBXGroup;
			children = (
				786FD5052943454C002527B6 /* Access.swift */,
				786FD50129434463002527B6 /* Account.swift */,
				786FD503294344DE002527B6 /* PaymentType.swift */,
			);
			path = Models;
			sourceTree = "<group>";
		};
		786FD4FE2943442E002527B6 /* Interactor */ = {
			isa = PBXGroup;
			children = (
				786FD4FF29434448002527B6 /* Interactor.swift */,
				786FD507294345CC002527B6 /* InteractorImpl.swift */,
			);
			path = Interactor;
			sourceTree = "<group>";
		};
		786FD50B2943AE8F002527B6 /* Extensions */ = {
			isa = PBXGroup;
			children = (
				786FD50C2943AEA4002527B6 /* AccountResponse+PaymentTypes.swift */,
			);
			path = Extensions;
			sourceTree = "<group>";
		};
		786FD50E2943B11F002527B6 /* AccountsView */ = {
			isa = PBXGroup;
			children = (
				786FD4B0294333AA002527B6 /* AccountsView.swift */,
				786FD50929434F06002527B6 /* AccountsViewVM.swift */,
			);
			name = AccountsView;
			sourceTree = "<group>";
		};
		786FD50F2943B12D002527B6 /* Models */ = {
			isa = PBXGroup;
			children = (
				786FD5102943B158002527B6 /* Status.swift */,
			);
			name = Models;
			sourceTree = "<group>";
		};
		786FD5122944B493002527B6 /* Components */ = {
			isa = PBXGroup;
			children = (
				786FD5132944B4D2002527B6 /* PaymentButtonView.swift */,
				786FD51A2944BE8E002527B6 /* AmountView.swift */,
				786FD51C2944C35D002527B6 /* RetryView.swift */,
				786FD51E2944C67A002527B6 /* LoadingView.swift */,
			);
			name = Components;
			sourceTree = "<group>";
		};
		786FD5172944B66D002527B6 /* Extensions */ = {
			isa = PBXGroup;
			children = (
				786FD5152944B65A002527B6 /* Color+Hex.swift */,
			);
			name = Extensions;
			sourceTree = "<group>";
		};
/* End PBXGroup section */

/* Begin PBXNativeTarget section */
		786FD4AA294333AA002527B6 /* iOS-selection-test */ = {
			isa = PBXNativeTarget;
			buildConfigurationList = 786FD4CF294333AB002527B6 /* Build configuration list for PBXNativeTarget "iOS-selection-test" */;
			buildPhases = (
				786FD4A7294333AA002527B6 /* Sources */,
				786FD4A8294333AA002527B6 /* Frameworks */,
				786FD4A9294333AA002527B6 /* Resources */,
			);
			buildRules = (
			);
			dependencies = (
			);
			name = "iOS-selection-test";
			productName = "iOS-selection-test";
			productReference = 786FD4AB294333AA002527B6 /* iOS-selection-test.app */;
			productType = "com.apple.product-type.application";
		};
		786FD4BA294333AB002527B6 /* iOS-selection-testTests */ = {
			isa = PBXNativeTarget;
			buildConfigurationList = 786FD4D2294333AB002527B6 /* Build configuration list for PBXNativeTarget "iOS-selection-testTests" */;
			buildPhases = (
				786FD4B7294333AB002527B6 /* Sources */,
				786FD4B8294333AB002527B6 /* Frameworks */,
				786FD4B9294333AB002527B6 /* Resources */,
			);
			buildRules = (
			);
			dependencies = (
				786FD4BD294333AB002527B6 /* PBXTargetDependency */,
			);
			name = "iOS-selection-testTests";
			productName = "iOS-selection-testTests";
			productReference = 786FD4BB294333AB002527B6 /* iOS-selection-testTests.xctest */;
			productType = "com.apple.product-type.bundle.unit-test";
		};
		786FD4C4294333AB002527B6 /* iOS-selection-testUITests */ = {
			isa = PBXNativeTarget;
			buildConfigurationList = 786FD4D5294333AB002527B6 /* Build configuration list for PBXNativeTarget "iOS-selection-testUITests" */;
			buildPhases = (
				786FD4C1294333AB002527B6 /* Sources */,
				786FD4C2294333AB002527B6 /* Frameworks */,
				786FD4C3294333AB002527B6 /* Resources */,
			);
			buildRules = (
			);
			dependencies = (
				786FD4C7294333AB002527B6 /* PBXTargetDependency */,
			);
			name = "iOS-selection-testUITests";
			productName = "iOS-selection-testUITests";
			productReference = 786FD4C5294333AB002527B6 /* iOS-selection-testUITests.xctest */;
			productType = "com.apple.product-type.bundle.ui-testing";
		};
/* End PBXNativeTarget section */

/* Begin PBXProject section */
		786FD4A3294333AA002527B6 /* Project object */ = {
			isa = PBXProject;
			attributes = {
				BuildIndependentTargetsInParallel = 1;
				LastSwiftUpdateCheck = 1410;
				LastUpgradeCheck = 1410;
				TargetAttributes = {
					786FD4AA294333AA002527B6 = {
						CreatedOnToolsVersion = 14.1;
					};
					786FD4BA294333AB002527B6 = {
						CreatedOnToolsVersion = 14.1;
						TestTargetID = 786FD4AA294333AA002527B6;
					};
					786FD4C4294333AB002527B6 = {
						CreatedOnToolsVersion = 14.1;
						TestTargetID = 786FD4AA294333AA002527B6;
					};
				};
			};
			buildConfigurationList = 786FD4A6294333AA002527B6 /* Build configuration list for PBXProject "iOS-selection-test" */;
			compatibilityVersion = "Xcode 14.0";
			developmentRegion = en;
			hasScannedForEncodings = 0;
			knownRegions = (
				en,
				Base,
			);
			mainGroup = 786FD4A2294333AA002527B6;
			productRefGroup = 786FD4AC294333AA002527B6 /* Products */;
			projectDirPath = "";
			projectRoot = "";
			targets = (
				786FD4AA294333AA002527B6 /* iOS-selection-test */,
				786FD4BA294333AB002527B6 /* iOS-selection-testTests */,
				786FD4C4294333AB002527B6 /* iOS-selection-testUITests */,
			);
		};
/* End PBXProject section */

/* Begin PBXResourcesBuildPhase section */
		786FD4A9294333AA002527B6 /* Resources */ = {
			isa = PBXResourcesBuildPhase;
			buildActionMask = 2147483647;
			files = (
				786FD4B6294333AB002527B6 /* Preview Assets.xcassets in Resources */,
				786FD4B3294333AB002527B6 /* Assets.xcassets in Resources */,
			);
			runOnlyForDeploymentPostprocessing = 0;
		};
		786FD4B9294333AB002527B6 /* Resources */ = {
			isa = PBXResourcesBuildPhase;
			buildActionMask = 2147483647;
			files = (
			);
			runOnlyForDeploymentPostprocessing = 0;
		};
		786FD4C3294333AB002527B6 /* Resources */ = {
			isa = PBXResourcesBuildPhase;
			buildActionMask = 2147483647;
			files = (
			);
			runOnlyForDeploymentPostprocessing = 0;
		};
/* End PBXResourcesBuildPhase section */

/* Begin PBXSourcesBuildPhase section */
		786FD4A7294333AA002527B6 /* Sources */ = {
			isa = PBXSourcesBuildPhase;
			buildActionMask = 2147483647;
			files = (
				786FD4B1294333AA002527B6 /* AccountsView.swift in Sources */,
				786FD50D2943AEA4002527B6 /* AccountResponse+PaymentTypes.swift in Sources */,
				786FD4AF294333AA002527B6 /* iOS_selection_testApp.swift in Sources */,
				786FD4F629434200002527B6 /* AccountsResponse.swift in Sources */,
				786FD4F029433FDE002527B6 /* AccessResponse.swift in Sources */,
				786FD51F2944C67A002527B6 /* LoadingView.swift in Sources */,
				786FD5162944B65A002527B6 /* Color+Hex.swift in Sources */,
				786FD504294344DE002527B6 /* PaymentType.swift in Sources */,
				786FD5062943454C002527B6 /* Access.swift in Sources */,
				786FD5142944B4D2002527B6 /* PaymentButtonView.swift in Sources */,
				786FD4EA29433F8A002527B6 /* Router.swift in Sources */,
				786FD4FB29434353002527B6 /* RemoteDataSourceImpl.swift in Sources */,
				786FD50029434448002527B6 /* Interactor.swift in Sources */,
				786FD4EC29433F8F002527B6 /* NetworkErrors.swift in Sources */,
				786FD4F429434124002527B6 /* AccountResponse.swift in Sources */,
				786FD4E929433F84002527B6 /* WebService.swift in Sources */,
				786FD4F92943424A002527B6 /* RemoteDataSource.swift in Sources */,
				786FD50229434463002527B6 /* Account.swift in Sources */,
				786FD4EE29433F8F002527B6 /* HTTPMethods.swift in Sources */,
				786FD51B2944BE8E002527B6 /* AmountView.swift in Sources */,
				786FD4F229434045002527B6 /* ConfigResponse.swift in Sources */,
				786FD5112943B158002527B6 /* Status.swift in Sources */,
				786FD51D2944C35D002527B6 /* RetryView.swift in Sources */,
				786FD50A29434F06002527B6 /* AccountsViewVM.swift in Sources */,
				786FD508294345CC002527B6 /* InteractorImpl.swift in Sources */,
				786FD4EB29433F8C002527B6 /* API.swift in Sources */,
				786FD4ED29433F8F002527B6 /* DataResponse.swift in Sources */,
				786FD4E829433ADD002527B6 /* Config.swift in Sources */,
			);
			runOnlyForDeploymentPostprocessing = 0;
		};
		786FD4B7294333AB002527B6 /* Sources */ = {
			isa = PBXSourcesBuildPhase;
			buildActionMask = 2147483647;
			files = (
				786FD4C0294333AB002527B6 /* iOS_selection_testTests.swift in Sources */,
			);
			runOnlyForDeploymentPostprocessing = 0;
		};
		786FD4C1294333AB002527B6 /* Sources */ = {
			isa = PBXSourcesBuildPhase;
			buildActionMask = 2147483647;
			files = (
				786FD4CA294333AB002527B6 /* iOS_selection_testUITests.swift in Sources */,
				786FD4CC294333AB002527B6 /* iOS_selection_testUITestsLaunchTests.swift in Sources */,
			);
			runOnlyForDeploymentPostprocessing = 0;
		};
/* End PBXSourcesBuildPhase section */

/* Begin PBXTargetDependency section */
		786FD4BD294333AB002527B6 /* PBXTargetDependency */ = {
			isa = PBXTargetDependency;
			target = 786FD4AA294333AA002527B6 /* iOS-selection-test */;
			targetProxy = 786FD4BC294333AB002527B6 /* PBXContainerItemProxy */;
		};
		786FD4C7294333AB002527B6 /* PBXTargetDependency */ = {
			isa = PBXTargetDependency;
			target = 786FD4AA294333AA002527B6 /* iOS-selection-test */;
			targetProxy = 786FD4C6294333AB002527B6 /* PBXContainerItemProxy */;
		};
/* End PBXTargetDependency section */

/* Begin XCBuildConfiguration section */
		786FD4CD294333AB002527B6 /* Debug */ = {
			isa = XCBuildConfiguration;
			buildSettings = {
				ALWAYS_SEARCH_USER_PATHS = NO;
				CLANG_ANALYZER_NONNULL = YES;
				CLANG_ANALYZER_NUMBER_OBJECT_CONVERSION = YES_AGGRESSIVE;
				CLANG_CXX_LANGUAGE_STANDARD = "gnu++20";
				CLANG_ENABLE_MODULES = YES;
				CLANG_ENABLE_OBJC_ARC = YES;
				CLANG_ENABLE_OBJC_WEAK = YES;
				CLANG_WARN_BLOCK_CAPTURE_AUTORELEASING = YES;
				CLANG_WARN_BOOL_CONVERSION = YES;
				CLANG_WARN_COMMA = YES;
				CLANG_WARN_CONSTANT_CONVERSION = YES;
				CLANG_WARN_DEPRECATED_OBJC_IMPLEMENTATIONS = YES;
				CLANG_WARN_DIRECT_OBJC_ISA_USAGE = YES_ERROR;
				CLANG_WARN_DOCUMENTATION_COMMENTS = YES;
				CLANG_WARN_EMPTY_BODY = YES;
				CLANG_WARN_ENUM_CONVERSION = YES;
				CLANG_WARN_INFINITE_RECURSION = YES;
				CLANG_WARN_INT_CONVERSION = YES;
				CLANG_WARN_NON_LITERAL_NULL_CONVERSION = YES;
				CLANG_WARN_OBJC_IMPLICIT_RETAIN_SELF = YES;
				CLANG_WARN_OBJC_LITERAL_CONVERSION = YES;
				CLANG_WARN_OBJC_ROOT_CLASS = YES_ERROR;
				CLANG_WARN_QUOTED_INCLUDE_IN_FRAMEWORK_HEADER = YES;
				CLANG_WARN_RANGE_LOOP_ANALYSIS = YES;
				CLANG_WARN_STRICT_PROTOTYPES = YES;
				CLANG_WARN_SUSPICIOUS_MOVE = YES;
				CLANG_WARN_UNGUARDED_AVAILABILITY = YES_AGGRESSIVE;
				CLANG_WARN_UNREACHABLE_CODE = YES;
				CLANG_WARN__DUPLICATE_METHOD_MATCH = YES;
				COPY_PHASE_STRIP = NO;
				DEBUG_INFORMATION_FORMAT = dwarf;
				ENABLE_STRICT_OBJC_MSGSEND = YES;
				ENABLE_TESTABILITY = YES;
				GCC_C_LANGUAGE_STANDARD = gnu11;
				GCC_DYNAMIC_NO_PIC = NO;
				GCC_NO_COMMON_BLOCKS = YES;
				GCC_OPTIMIZATION_LEVEL = 0;
				GCC_PREPROCESSOR_DEFINITIONS = (
					"DEBUG=1",
					"$(inherited)",
				);
				GCC_WARN_64_TO_32_BIT_CONVERSION = YES;
				GCC_WARN_ABOUT_RETURN_TYPE = YES_ERROR;
				GCC_WARN_UNDECLARED_SELECTOR = YES;
				GCC_WARN_UNINITIALIZED_AUTOS = YES_AGGRESSIVE;
				GCC_WARN_UNUSED_FUNCTION = YES;
				GCC_WARN_UNUSED_VARIABLE = YES;
				IPHONEOS_DEPLOYMENT_TARGET = 16.1;
				MTL_ENABLE_DEBUG_INFO = INCLUDE_SOURCE;
				MTL_FAST_MATH = YES;
				ONLY_ACTIVE_ARCH = YES;
				SDKROOT = iphoneos;
				SWIFT_ACTIVE_COMPILATION_CONDITIONS = DEBUG;
				SWIFT_OPTIMIZATION_LEVEL = "-Onone";
			};
			name = Debug;
		};
		786FD4CE294333AB002527B6 /* Release */ = {
			isa = XCBuildConfiguration;
			buildSettings = {
				ALWAYS_SEARCH_USER_PATHS = NO;
				CLANG_ANALYZER_NONNULL = YES;
				CLANG_ANALYZER_NUMBER_OBJECT_CONVERSION = YES_AGGRESSIVE;
				CLANG_CXX_LANGUAGE_STANDARD = "gnu++20";
				CLANG_ENABLE_MODULES = YES;
				CLANG_ENABLE_OBJC_ARC = YES;
				CLANG_ENABLE_OBJC_WEAK = YES;
				CLANG_WARN_BLOCK_CAPTURE_AUTORELEASING = YES;
				CLANG_WARN_BOOL_CONVERSION = YES;
				CLANG_WARN_COMMA = YES;
				CLANG_WARN_CONSTANT_CONVERSION = YES;
				CLANG_WARN_DEPRECATED_OBJC_IMPLEMENTATIONS = YES;
				CLANG_WARN_DIRECT_OBJC_ISA_USAGE = YES_ERROR;
				CLANG_WARN_DOCUMENTATION_COMMENTS = YES;
				CLANG_WARN_EMPTY_BODY = YES;
				CLANG_WARN_ENUM_CONVERSION = YES;
				CLANG_WARN_INFINITE_RECURSION = YES;
				CLANG_WARN_INT_CONVERSION = YES;
				CLANG_WARN_NON_LITERAL_NULL_CONVERSION = YES;
				CLANG_WARN_OBJC_IMPLICIT_RETAIN_SELF = YES;
				CLANG_WARN_OBJC_LITERAL_CONVERSION = YES;
				CLANG_WARN_OBJC_ROOT_CLASS = YES_ERROR;
				CLANG_WARN_QUOTED_INCLUDE_IN_FRAMEWORK_HEADER = YES;
				CLANG_WARN_RANGE_LOOP_ANALYSIS = YES;
				CLANG_WARN_STRICT_PROTOTYPES = YES;
				CLANG_WARN_SUSPICIOUS_MOVE = YES;
				CLANG_WARN_UNGUARDED_AVAILABILITY = YES_AGGRESSIVE;
				CLANG_WARN_UNREACHABLE_CODE = YES;
				CLANG_WARN__DUPLICATE_METHOD_MATCH = YES;
				COPY_PHASE_STRIP = NO;
				DEBUG_INFORMATION_FORMAT = "dwarf-with-dsym";
				ENABLE_NS_ASSERTIONS = NO;
				ENABLE_STRICT_OBJC_MSGSEND = YES;
				GCC_C_LANGUAGE_STANDARD = gnu11;
				GCC_NO_COMMON_BLOCKS = YES;
				GCC_WARN_64_TO_32_BIT_CONVERSION = YES;
				GCC_WARN_ABOUT_RETURN_TYPE = YES_ERROR;
				GCC_WARN_UNDECLARED_SELECTOR = YES;
				GCC_WARN_UNINITIALIZED_AUTOS = YES_AGGRESSIVE;
				GCC_WARN_UNUSED_FUNCTION = YES;
				GCC_WARN_UNUSED_VARIABLE = YES;
				IPHONEOS_DEPLOYMENT_TARGET = 16.1;
				MTL_ENABLE_DEBUG_INFO = NO;
				MTL_FAST_MATH = YES;
				SDKROOT = iphoneos;
				SWIFT_COMPILATION_MODE = wholemodule;
				SWIFT_OPTIMIZATION_LEVEL = "-O";
				VALIDATE_PRODUCT = YES;
			};
			name = Release;
		};
		786FD4D0294333AB002527B6 /* Debug */ = {
			isa = XCBuildConfiguration;
			buildSettings = {
				ASSETCATALOG_COMPILER_APPICON_NAME = AppIcon;
				ASSETCATALOG_COMPILER_GLOBAL_ACCENT_COLOR_NAME = AccentColor;
				CODE_SIGN_STYLE = Automatic;
				CURRENT_PROJECT_VERSION = 1;
				DEVELOPMENT_ASSET_PATHS = "\"iOS-selection-test/Preview Content\"";
				DEVELOPMENT_TEAM = 4R4EC78Z7Y;
				ENABLE_PREVIEWS = YES;
				GENERATE_INFOPLIST_FILE = YES;
				INFOPLIST_KEY_UIApplicationSceneManifest_Generation = YES;
				INFOPLIST_KEY_UIApplicationSupportsIndirectInputEvents = YES;
				INFOPLIST_KEY_UILaunchScreen_Generation = YES;
				INFOPLIST_KEY_UISupportedInterfaceOrientations_iPad = "UIInterfaceOrientationPortrait UIInterfaceOrientationPortraitUpsideDown UIInterfaceOrientationLandscapeLeft UIInterfaceOrientationLandscapeRight";
				INFOPLIST_KEY_UISupportedInterfaceOrientations_iPhone = "UIInterfaceOrientationPortrait UIInterfaceOrientationLandscapeLeft UIInterfaceOrientationLandscapeRight";
				LD_RUNPATH_SEARCH_PATHS = (
					"$(inherited)",
					"@executable_path/Frameworks",
				);
				MARKETING_VERSION = 1.0;
				PRODUCT_BUNDLE_IDENTIFIER = "com.igorsquadra.iOS-selection-test";
				PRODUCT_NAME = "$(TARGET_NAME)";
				SWIFT_EMIT_LOC_STRINGS = YES;
				SWIFT_VERSION = 5.0;
				TARGETED_DEVICE_FAMILY = "1,2";
			};
			name = Debug;
		};
		786FD4D1294333AB002527B6 /* Release */ = {
			isa = XCBuildConfiguration;
			buildSettings = {
				ASSETCATALOG_COMPILER_APPICON_NAME = AppIcon;
				ASSETCATALOG_COMPILER_GLOBAL_ACCENT_COLOR_NAME = AccentColor;
				CODE_SIGN_STYLE = Automatic;
				CURRENT_PROJECT_VERSION = 1;
				DEVELOPMENT_ASSET_PATHS = "\"iOS-selection-test/Preview Content\"";
				DEVELOPMENT_TEAM = 4R4EC78Z7Y;
				ENABLE_PREVIEWS = YES;
				GENERATE_INFOPLIST_FILE = YES;
				INFOPLIST_KEY_UIApplicationSceneManifest_Generation = YES;
				INFOPLIST_KEY_UIApplicationSupportsIndirectInputEvents = YES;
				INFOPLIST_KEY_UILaunchScreen_Generation = YES;
				INFOPLIST_KEY_UISupportedInterfaceOrientations_iPad = "UIInterfaceOrientationPortrait UIInterfaceOrientationPortraitUpsideDown UIInterfaceOrientationLandscapeLeft UIInterfaceOrientationLandscapeRight";
				INFOPLIST_KEY_UISupportedInterfaceOrientations_iPhone = "UIInterfaceOrientationPortrait UIInterfaceOrientationLandscapeLeft UIInterfaceOrientationLandscapeRight";
				LD_RUNPATH_SEARCH_PATHS = (
					"$(inherited)",
					"@executable_path/Frameworks",
				);
				MARKETING_VERSION = 1.0;
				PRODUCT_BUNDLE_IDENTIFIER = "com.igorsquadra.iOS-selection-test";
				PRODUCT_NAME = "$(TARGET_NAME)";
				SWIFT_EMIT_LOC_STRINGS = YES;
				SWIFT_VERSION = 5.0;
				TARGETED_DEVICE_FAMILY = "1,2";
			};
			name = Release;
		};
		786FD4D3294333AB002527B6 /* Debug */ = {
			isa = XCBuildConfiguration;
			buildSettings = {
				ALWAYS_EMBED_SWIFT_STANDARD_LIBRARIES = YES;
				BUNDLE_LOADER = "$(TEST_HOST)";
				CODE_SIGN_STYLE = Automatic;
				CURRENT_PROJECT_VERSION = 1;
				DEVELOPMENT_TEAM = 4R4EC78Z7Y;
				GENERATE_INFOPLIST_FILE = YES;
				IPHONEOS_DEPLOYMENT_TARGET = 16.1;
				MARKETING_VERSION = 1.0;
				PRODUCT_BUNDLE_IDENTIFIER = "com.igorsquadra.iOS-selection-testTests";
				PRODUCT_NAME = "$(TARGET_NAME)";
				SWIFT_EMIT_LOC_STRINGS = NO;
				SWIFT_VERSION = 5.0;
				TARGETED_DEVICE_FAMILY = "1,2";
				TEST_HOST = "$(BUILT_PRODUCTS_DIR)/iOS-selection-test.app/$(BUNDLE_EXECUTABLE_FOLDER_PATH)/iOS-selection-test";
			};
			name = Debug;
		};
		786FD4D4294333AB002527B6 /* Release */ = {
			isa = XCBuildConfiguration;
			buildSettings = {
				ALWAYS_EMBED_SWIFT_STANDARD_LIBRARIES = YES;
				BUNDLE_LOADER = "$(TEST_HOST)";
				CODE_SIGN_STYLE = Automatic;
				CURRENT_PROJECT_VERSION = 1;
				DEVELOPMENT_TEAM = 4R4EC78Z7Y;
				GENERATE_INFOPLIST_FILE = YES;
				IPHONEOS_DEPLOYMENT_TARGET = 16.1;
				MARKETING_VERSION = 1.0;
				PRODUCT_BUNDLE_IDENTIFIER = "com.igorsquadra.iOS-selection-testTests";
				PRODUCT_NAME = "$(TARGET_NAME)";
				SWIFT_EMIT_LOC_STRINGS = NO;
				SWIFT_VERSION = 5.0;
				TARGETED_DEVICE_FAMILY = "1,2";
				TEST_HOST = "$(BUILT_PRODUCTS_DIR)/iOS-selection-test.app/$(BUNDLE_EXECUTABLE_FOLDER_PATH)/iOS-selection-test";
			};
			name = Release;
		};
		786FD4D6294333AB002527B6 /* Debug */ = {
			isa = XCBuildConfiguration;
			buildSettings = {
				ALWAYS_EMBED_SWIFT_STANDARD_LIBRARIES = YES;
				CODE_SIGN_STYLE = Automatic;
				CURRENT_PROJECT_VERSION = 1;
				DEVELOPMENT_TEAM = 4R4EC78Z7Y;
				GENERATE_INFOPLIST_FILE = YES;
				MARKETING_VERSION = 1.0;
				PRODUCT_BUNDLE_IDENTIFIER = "com.igorsquadra.iOS-selection-testUITests";
				PRODUCT_NAME = "$(TARGET_NAME)";
				SWIFT_EMIT_LOC_STRINGS = NO;
				SWIFT_VERSION = 5.0;
				TARGETED_DEVICE_FAMILY = "1,2";
				TEST_TARGET_NAME = "iOS-selection-test";
			};
			name = Debug;
		};
		786FD4D7294333AB002527B6 /* Release */ = {
			isa = XCBuildConfiguration;
			buildSettings = {
				ALWAYS_EMBED_SWIFT_STANDARD_LIBRARIES = YES;
				CODE_SIGN_STYLE = Automatic;
				CURRENT_PROJECT_VERSION = 1;
				DEVELOPMENT_TEAM = 4R4EC78Z7Y;
				GENERATE_INFOPLIST_FILE = YES;
				MARKETING_VERSION = 1.0;
				PRODUCT_BUNDLE_IDENTIFIER = "com.igorsquadra.iOS-selection-testUITests";
				PRODUCT_NAME = "$(TARGET_NAME)";
				SWIFT_EMIT_LOC_STRINGS = NO;
				SWIFT_VERSION = 5.0;
				TARGETED_DEVICE_FAMILY = "1,2";
				TEST_TARGET_NAME = "iOS-selection-test";
			};
			name = Release;
		};
/* End XCBuildConfiguration section */

/* Begin XCConfigurationList section */
		786FD4A6294333AA002527B6 /* Build configuration list for PBXProject "iOS-selection-test" */ = {
			isa = XCConfigurationList;
			buildConfigurations = (
				786FD4CD294333AB002527B6 /* Debug */,
				786FD4CE294333AB002527B6 /* Release */,
			);
			defaultConfigurationIsVisible = 0;
			defaultConfigurationName = Release;
		};
		786FD4CF294333AB002527B6 /* Build configuration list for PBXNativeTarget "iOS-selection-test" */ = {
			isa = XCConfigurationList;
			buildConfigurations = (
				786FD4D0294333AB002527B6 /* Debug */,
				786FD4D1294333AB002527B6 /* Release */,
			);
			defaultConfigurationIsVisible = 0;
			defaultConfigurationName = Release;
		};
		786FD4D2294333AB002527B6 /* Build configuration list for PBXNativeTarget "iOS-selection-testTests" */ = {
			isa = XCConfigurationList;
			buildConfigurations = (
				786FD4D3294333AB002527B6 /* Debug */,
				786FD4D4294333AB002527B6 /* Release */,
			);
			defaultConfigurationIsVisible = 0;
			defaultConfigurationName = Release;
		};
		786FD4D5294333AB002527B6 /* Build configuration list for PBXNativeTarget "iOS-selection-testUITests" */ = {
			isa = XCConfigurationList;
			buildConfigurations = (
				786FD4D6294333AB002527B6 /* Debug */,
				786FD4D7294333AB002527B6 /* Release */,
			);
			defaultConfigurationIsVisible = 0;
			defaultConfigurationName = Release;
		};
/* End XCConfigurationList section */
	};
	rootObject = 786FD4A3294333AA002527B6 /* Project object */;
}
